
Microsoft Visual Studio Solution File, Format Version 12.00
# Visual Studio Version 16
VisualStudioVersion = 16.0.30907.101
MinimumVisualStudioVersion = 10.0.40219.1
Project("{FAE04EC0-301F-11D3-BF4B-00C04F79EFBC}") = "BoxingUnboxingLesson", "BoxingUnboxingLesson.csproj", "{23881FC1-223B-4B8F-AF68-4AB8368A6753}"
EndProject
Global
	GlobalSection(SolutionConfigurationPlatforms) = preSolution
		Debug|Any CPU = Debug|Any CPU
		Release|Any CPU = Release|Any CPU
	EndGlobalSection
	GlobalSection(ProjectConfigurationPlatforms) = postSolution
		{23881FC1-223B-4B8F-AF68-4AB8368A6753}.Debug|Any CPU.ActiveCfg = Debug|Any CPU
		{23881FC1-223B-4B8F-AF68-4AB8368A6753}.Debug|Any CPU.Build.0 = Debug|Any CPU
		{23881FC1-223B-4B8F-AF68-4AB8368A6753}.Release|Any CPU.ActiveCfg = Release|Any CPU
		{23881FC1-223B-4B8F-AF68-4AB8368A6753}.Release|Any CPU.Build.0 = Release|Any CPU
	EndGlobalSection
	GlobalSection(SolutionProperties) = preSolution
		HideSolutionNode = FALSE
	EndGlobalSection
	GlobalSection(ExtensibilityGlobals) = postSolution
		SolutionGuid = {C51AD9AC-A53A-4046-9901-79ECF7C0D562}
	EndGlobalSection
EndGlobal
